
Microsoft Visual Studio Solution File, Format Version 12.00
# Visual Studio Version 16
VisualStudioVersion = 16.0.31112.23
MinimumVisualStudioVersion = 10.0.40219.1
Project("{FAE04EC0-301F-11D3-BF4B-00C04F79EFBC}") = "opetuspaiva_04_04", "opetuspaiva_04_04\opetuspaiva_04_04.csproj", "{BC62FEB1-8656-42CD-B5C3-F406073EA9D3}"
EndProject
Global
	GlobalSection(SolutionConfigurationPlatforms) = preSolution
		Debug|Any CPU = Debug|Any CPU
		Release|Any CPU = Release|Any CPU
	EndGlobalSection
	GlobalSection(ProjectConfigurationPlatforms) = postSolution
		{BC62FEB1-8656-42CD-B5C3-F406073EA9D3}.Debug|Any CPU.ActiveCfg = Debug|Any CPU
		{BC62FEB1-8656-42CD-B5C3-F406073EA9D3}.Debug|Any CPU.Build.0 = Debug|Any CPU
		{BC62FEB1-8656-42CD-B5C3-F406073EA9D3}.Release|Any CPU.ActiveCfg = Release|Any CPU
		{BC62FEB1-8656-42CD-B5C3-F406073EA9D3}.Release|Any CPU.Build.0 = Release|Any CPU
	EndGlobalSection
	GlobalSection(SolutionProperties) = preSolution
		HideSolutionNode = FALSE
	EndGlobalSection
	GlobalSection(ExtensibilityGlobals) = postSolution
		SolutionGuid = {4AB2F36C-5526-4855-BE55-BD48DDA95022}
	EndGlobalSection
EndGlobal
