
Microsoft Visual Studio Solution File, Format Version 12.00
# Visual Studio Version 16
VisualStudioVersion = 16.0.31112.23
MinimumVisualStudioVersion = 10.0.40219.1
Project("{FAE04EC0-301F-11D3-BF4B-00C04F79EFBC}") = "Päivän6Harjoitukset", "Päivän6Harjoitukset\Päivän6Harjoitukset.csproj", "{28D32C62-9614-475E-BBFC-F13A9350B1E1}"
EndProject
Global
	GlobalSection(SolutionConfigurationPlatforms) = preSolution
		Debug|Any CPU = Debug|Any CPU
		Release|Any CPU = Release|Any CPU
	EndGlobalSection
	GlobalSection(ProjectConfigurationPlatforms) = postSolution
		{28D32C62-9614-475E-BBFC-F13A9350B1E1}.Debug|Any CPU.ActiveCfg = Debug|Any CPU
		{28D32C62-9614-475E-BBFC-F13A9350B1E1}.Debug|Any CPU.Build.0 = Debug|Any CPU
		{28D32C62-9614-475E-BBFC-F13A9350B1E1}.Release|Any CPU.ActiveCfg = Release|Any CPU
		{28D32C62-9614-475E-BBFC-F13A9350B1E1}.Release|Any CPU.Build.0 = Release|Any CPU
	EndGlobalSection
	GlobalSection(SolutionProperties) = preSolution
		HideSolutionNode = FALSE
	EndGlobalSection
	GlobalSection(ExtensibilityGlobals) = postSolution
		SolutionGuid = {CACA3344-B6DD-4152-A581-72C1A050FCB8}
	EndGlobalSection
EndGlobal
