
Microsoft Visual Studio Solution File, Format Version 12.00
# Visual Studio Version 16
VisualStudioVersion = 16.0.33423.256
MinimumVisualStudioVersion = 10.0.40219.1
Project("{FAE04EC0-301F-11D3-BF4B-00C04F79EFBC}") = "2303 itsenäinen tehtävä", "2303 itsenäinen tehtävä\2303 itsenäinen tehtävä.csproj", "{ED72B00E-C2D3-4043-8DAE-92D99AE9030B}"
EndProject
Global
	GlobalSection(SolutionConfigurationPlatforms) = preSolution
		Debug|Any CPU = Debug|Any CPU
		Release|Any CPU = Release|Any CPU
	EndGlobalSection
	GlobalSection(ProjectConfigurationPlatforms) = postSolution
		{ED72B00E-C2D3-4043-8DAE-92D99AE9030B}.Debug|Any CPU.ActiveCfg = Debug|Any CPU
		{ED72B00E-C2D3-4043-8DAE-92D99AE9030B}.Debug|Any CPU.Build.0 = Debug|Any CPU
		{ED72B00E-C2D3-4043-8DAE-92D99AE9030B}.Release|Any CPU.ActiveCfg = Release|Any CPU
		{ED72B00E-C2D3-4043-8DAE-92D99AE9030B}.Release|Any CPU.Build.0 = Release|Any CPU
	EndGlobalSection
	GlobalSection(SolutionProperties) = preSolution
		HideSolutionNode = FALSE
	EndGlobalSection
	GlobalSection(ExtensibilityGlobals) = postSolution
		SolutionGuid = {B3B75D11-7B95-46B2-A560-B890C3E8078C}
	EndGlobalSection
EndGlobal
