
Microsoft Visual Studio Solution File, Format Version 12.00
# Visual Studio Version 16
VisualStudioVersion = 16.0.31112.23
MinimumVisualStudioVersion = 10.0.40219.1
Project("{FAE04EC0-301F-11D3-BF4B-00C04F79EFBC}") = "11_harjoittelu", "11_harjoittelu\11_harjoittelu.csproj", "{48C06DEE-9FC6-417A-B89D-07AB1E31BFAE}"
EndProject
Global
	GlobalSection(SolutionConfigurationPlatforms) = preSolution
		Debug|Any CPU = Debug|Any CPU
		Release|Any CPU = Release|Any CPU
	EndGlobalSection
	GlobalSection(ProjectConfigurationPlatforms) = postSolution
		{48C06DEE-9FC6-417A-B89D-07AB1E31BFAE}.Debug|Any CPU.ActiveCfg = Debug|Any CPU
		{48C06DEE-9FC6-417A-B89D-07AB1E31BFAE}.Debug|Any CPU.Build.0 = Debug|Any CPU
		{48C06DEE-9FC6-417A-B89D-07AB1E31BFAE}.Release|Any CPU.ActiveCfg = Release|Any CPU
		{48C06DEE-9FC6-417A-B89D-07AB1E31BFAE}.Release|Any CPU.Build.0 = Release|Any CPU
	EndGlobalSection
	GlobalSection(SolutionProperties) = preSolution
		HideSolutionNode = FALSE
	EndGlobalSection
	GlobalSection(ExtensibilityGlobals) = postSolution
		SolutionGuid = {CA397FD1-2E6B-4DB1-A348-4F3D28994D05}
	EndGlobalSection
EndGlobal
