
Microsoft Visual Studio Solution File, Format Version 12.00
# Visual Studio Version 16
VisualStudioVersion = 16.0.31112.23
MinimumVisualStudioVersion = 10.0.40219.1
Project("{FAE04EC0-301F-11D3-BF4B-00C04F79EFBC}") = "16_C_Kuukaudet", "16_C_Kuukaudet\16_C_Kuukaudet.csproj", "{B3971402-99F9-4BC5-9818-6625FD5636D6}"
EndProject
Global
	GlobalSection(SolutionConfigurationPlatforms) = preSolution
		Debug|Any CPU = Debug|Any CPU
		Release|Any CPU = Release|Any CPU
	EndGlobalSection
	GlobalSection(ProjectConfigurationPlatforms) = postSolution
		{B3971402-99F9-4BC5-9818-6625FD5636D6}.Debug|Any CPU.ActiveCfg = Debug|Any CPU
		{B3971402-99F9-4BC5-9818-6625FD5636D6}.Debug|Any CPU.Build.0 = Debug|Any CPU
		{B3971402-99F9-4BC5-9818-6625FD5636D6}.Release|Any CPU.ActiveCfg = Release|Any CPU
		{B3971402-99F9-4BC5-9818-6625FD5636D6}.Release|Any CPU.Build.0 = Release|Any CPU
	EndGlobalSection
	GlobalSection(SolutionProperties) = preSolution
		HideSolutionNode = FALSE
	EndGlobalSection
	GlobalSection(ExtensibilityGlobals) = postSolution
		SolutionGuid = {F9FA82A3-2627-44FC-A72B-395E555C449E}
	EndGlobalSection
EndGlobal
